# @generated - this file is auto-generated by `mise lock` https://mise.jdx.dev/dev-tools/mise-lock.html

[[tools.actionlint]]
version = "1.7.12"
backend = "aqua:rhysd/actionlint"

[tools.actionlint."platforms.macos-arm64"]
checksum = "sha256:aba9ced2dee8d27fecca3dc7feb1a7f9a52caefa1eb46f3271ea66b6e0e6953f"
url = "https://github.com/rhysd/actionlint/releases/download/v1.7.12/actionlint_1.7.12_darwin_arm64.tar.gz"
provenance = "github-attestations"

[[tools.ghalint]]
version = "1.5.5"
backend = "aqua:suzuki-shunsuke/ghalint"

[tools.ghalint."platforms.macos-arm64"]
checksum = "sha256:db969e288fc788348aa7c1323096d69df28b457c70b4194fb76f14ad058c0be7"
url = "https://github.com/suzuki-shunsuke/ghalint/releases/download/v1.5.5/ghalint_1.5.5_darwin_arm64.tar.gz"

[tools.ghalint."platforms.macos-arm64".provenance.slsa]
url = "https://github.com/suzuki-shunsuke/ghalint/releases/download/v1.5.5/multiple.intoto.jsonl"

[[tools.hadolint]]
version = "2.14.0"
backend = "aqua:hadolint/hadolint"

[tools.hadolint."platforms.macos-arm64"]
checksum = "sha256:3625e2e9f43dcfe7bd38738a5f5520ed50ce39ed28485266e6803dd7bc197b10"
url = "https://github.com/hadolint/hadolint/releases/download/v2.14.0/hadolint-macos-arm64"

[[tools.hk]]
version = "1.41.0"
backend = "aqua:jdx/hk"

[[tools.jq]]
version = "1.8.1"
backend = "aqua:jqlang/jq"

[tools.jq."platforms.macos-arm64"]
checksum = "sha256:a9fe3ea2f86dfc72f6728417521ec9067b343277152b114f4e98d8cb0e263603"
url = "https://github.com/jqlang/jq/releases/download/jq-1.8.1/jq-macos-arm64"
provenance = "github-attestations"

[[tools."npm:@devcontainers/cli"]]
version = "0.85.0"
backend = "npm:@devcontainers/cli"

[[tools."npm:agents-lint"]]
version = "0.5.0"
backend = "npm:agents-lint"

[[tools."npm:agnix"]]
version = "0.17.0"
backend = "npm:agnix"

[[tools.pinact]]
version = "3.9.0"
backend = "aqua:suzuki-shunsuke/pinact"

[tools.pinact."platforms.macos-arm64"]
checksum = "sha256:23c8a4eda8fd7949c8cbb1cfe6f3d01279402fe6201e9cb0a90447a5ecfdef89"
url = "https://github.com/suzuki-shunsuke/pinact/releases/download/v3.9.0/pinact_darwin_arm64.tar.gz"
provenance = "github-attestations"

[[tools.pkl]]
version = "0.31.1"
backend = "aqua:apple/pkl"

[tools.pkl."platforms.macos-arm64"]
checksum = "sha256:1b6a5438d9624cd2798a7530721bbbfa27ef72efe5c878a1b6c546c6e7ca0e8f"
url = "https://github.com/apple/pkl/releases/download/0.31.1/pkl-macos-aarch64"

[[tools.python]]
version = "3.14.3"
backend = "core:python"

[tools.python."platforms.macos-arm64"]
checksum = "sha256:c43aecde4a663aebff99b9b83da0efec506479f1c3f98331442f33d2c43501f9"
url = "https://github.com/astral-sh/python-build-standalone/releases/download/20260324/cpython-3.14.3+20260324-aarch64-apple-darwin-install_only_stripped.tar.gz"
provenance = "github-attestations"

[[tools.shellcheck]]
version = "0.11.0"
backend = "aqua:koalaman/shellcheck"

[tools.shellcheck."platforms.macos-arm64"]
checksum = "sha256:56affdd8de5527894dca6dc3d7e0a99a873b0f004d7aabc30ae407d3f48b0a79"
url = "https://github.com/koalaman/shellcheck/releases/download/v0.11.0/shellcheck-v0.11.0.darwin.aarch64.tar.xz"

[[tools.shfmt]]
version = "3.13.0"
backend = "aqua:mvdan/sh"

[tools.shfmt."platforms.macos-arm64"]
checksum = "sha256:650970603b5946dc6041836ddcfa7a19d99b5da885e4687f64575508e99cf718"
url = "https://github.com/mvdan/sh/releases/download/v3.13.0/shfmt_v3.13.0_darwin_arm64"

[[tools.taplo]]
version = "0.10.0"
backend = "aqua:tamasfe/taplo"

[tools.taplo."platforms.macos-arm64"]
url = "https://github.com/tamasfe/taplo/releases/download/0.10.0/taplo-darwin-aarch64.gz"

[[tools.typos]]
version = "1.45.0"
backend = "aqua:crate-ci/typos"

[tools.typos."platforms.macos-arm64"]
checksum = "sha256:c42f8d8af49bff559f0bf0a45d1fb704f9e13446cc8faebfb30a3f669b89c802"
url = "https://github.com/crate-ci/typos/releases/download/v1.45.0/typos-v1.45.0-aarch64-apple-darwin.tar.gz"

[[tools.uv]]
version = "0.11.3"
backend = "aqua:astral-sh/uv"

[tools.uv."platforms.macos-arm64"]
checksum = "sha256:2bc3d0c7bf2bd08325b1e170abac6f7e5b3346e1d4eab3370d17cefec934996f"
url = "https://github.com/astral-sh/uv/releases/download/0.11.3/uv-aarch64-apple-darwin.tar.gz"
provenance = "github-attestations"

[[tools.yamlfmt]]
version = "0.21.0"
backend = "aqua:google/yamlfmt"

[tools.yamlfmt."platforms.macos-arm64"]
checksum = "sha256:4b417ecb94339d57e4c122ecc948c1a00fe328b5853266de9806e652a92858fa"
url = "https://github.com/google/yamlfmt/releases/download/v0.21.0/yamlfmt_0.21.0_Darwin_arm64.tar.gz"

[[tools.yamllint]]
version = "1.38.0"
backend = "pipx:yamllint"

[[tools.yq]]
version = "4.52.5"
backend = "aqua:mikefarah/yq"

[tools.yq."platforms.macos-arm64"]
checksum = "sha256:45a12e64d4bd8a31c72ee1b889e81f1b1110e801baad3d6f030c111db0068de0"
url = "https://github.com/mikefarah/yq/releases/download/v4.52.5/yq_darwin_arm64"
