# @generated - this file is auto-generated by `mise lock` https://mise.jdx.dev/dev-tools/mise-lock.html

[[tools.actionlint]]
version = "1.7.12"
backend = "aqua:rhysd/actionlint"

[tools.actionlint."platforms.linux-arm64"]
checksum = "sha256:325e971b6ba9bfa504672e29be93c24981eeb1c07576d730e9f7c8805afff0c6"
url = "https://github.com/rhysd/actionlint/releases/download/v1.7.12/actionlint_1.7.12_linux_arm64.tar.gz"
provenance = "github-attestations"

[tools.actionlint."platforms.linux-arm64-musl"]
checksum = "sha256:325e971b6ba9bfa504672e29be93c24981eeb1c07576d730e9f7c8805afff0c6"
url = "https://github.com/rhysd/actionlint/releases/download/v1.7.12/actionlint_1.7.12_linux_arm64.tar.gz"
provenance = "github-attestations"

[tools.actionlint."platforms.linux-x64"]
checksum = "sha256:8aca8db96f1b94770f1b0d72b6dddcb1ebb8123cb3712530b08cc387b349a3d8"
url = "https://github.com/rhysd/actionlint/releases/download/v1.7.12/actionlint_1.7.12_linux_amd64.tar.gz"
provenance = "github-attestations"

[tools.actionlint."platforms.linux-x64-musl"]
checksum = "sha256:8aca8db96f1b94770f1b0d72b6dddcb1ebb8123cb3712530b08cc387b349a3d8"
url = "https://github.com/rhysd/actionlint/releases/download/v1.7.12/actionlint_1.7.12_linux_amd64.tar.gz"
provenance = "github-attestations"

[tools.actionlint."platforms.macos-arm64"]
checksum = "sha256:aba9ced2dee8d27fecca3dc7feb1a7f9a52caefa1eb46f3271ea66b6e0e6953f"
url = "https://github.com/rhysd/actionlint/releases/download/v1.7.12/actionlint_1.7.12_darwin_arm64.tar.gz"
provenance = "github-attestations"

[tools.actionlint."platforms.macos-x64"]
checksum = "sha256:5b44c3bc2255115c9b69e30efc0fecdf498fdb63c5d58e17084fd5f16324c644"
url = "https://github.com/rhysd/actionlint/releases/download/v1.7.12/actionlint_1.7.12_darwin_amd64.tar.gz"
provenance = "github-attestations"

[tools.actionlint."platforms.windows-x64"]
checksum = "sha256:6e7241b51e6817ea6a047693d8e6fed13b31819c9a0dd6c5a726e1592d22f6e9"
url = "https://github.com/rhysd/actionlint/releases/download/v1.7.12/actionlint_1.7.12_windows_amd64.zip"
provenance = "github-attestations"

[[tools.aws-cli]]
version = "2.34.27"
backend = "aqua:aws/aws-cli"

[tools.aws-cli."platforms.linux-arm64"]
url = "https://awscli.amazonaws.com/awscli-exe-linux-aarch64-2.34.27.zip"

[tools.aws-cli."platforms.linux-arm64-musl"]
url = "https://awscli.amazonaws.com/awscli-exe-linux-aarch64-2.34.27.zip"

[tools.aws-cli."platforms.linux-x64"]
url = "https://awscli.amazonaws.com/awscli-exe-linux-x86_64-2.34.27.zip"

[tools.aws-cli."platforms.linux-x64-musl"]
url = "https://awscli.amazonaws.com/awscli-exe-linux-x86_64-2.34.27.zip"

[tools.aws-cli."platforms.macos-arm64"]
url = "https://awscli.amazonaws.com/AWSCLIV2-2.34.27.pkg"

[tools.aws-cli."platforms.macos-x64"]
url = "https://awscli.amazonaws.com/AWSCLIV2-2.34.27.pkg"

[[tools.azure-cli]]
version = "2.85.0"
backend = "pipx:azure-cli"

[tools.azure-cli.options]
uvx_args = "--prerelease=allow"

[[tools.chezmoi]]
version = "2.70.1"
backend = "aqua:twpayne/chezmoi"

[tools.chezmoi."platforms.linux-arm64"]
checksum = "sha256:7f8307cef8aade159cdee372a10871a606a50c6239284c0860fb463a174faba0"
url = "https://github.com/twpayne/chezmoi/releases/download/v2.70.1/chezmoi_2.70.1_linux_arm64.tar.gz"

[tools.chezmoi."platforms.linux-arm64-musl"]
checksum = "sha256:7f8307cef8aade159cdee372a10871a606a50c6239284c0860fb463a174faba0"
url = "https://github.com/twpayne/chezmoi/releases/download/v2.70.1/chezmoi_2.70.1_linux_arm64.tar.gz"

[tools.chezmoi."platforms.linux-x64"]
checksum = "sha256:3bd054238e2a95548eee62a6c5b4d9d1352f2c6c69c6d32f3d1964878398f91a"
url = "https://github.com/twpayne/chezmoi/releases/download/v2.70.1/chezmoi_2.70.1_linux_amd64.tar.gz"

[tools.chezmoi."platforms.linux-x64-musl"]
checksum = "sha256:3bd054238e2a95548eee62a6c5b4d9d1352f2c6c69c6d32f3d1964878398f91a"
url = "https://github.com/twpayne/chezmoi/releases/download/v2.70.1/chezmoi_2.70.1_linux_amd64.tar.gz"

[tools.chezmoi."platforms.macos-arm64"]
checksum = "sha256:814fd391b755046d9dbe17c1a7e93d7dd725b2842bf9663c08645771f4a92cf1"
url = "https://github.com/twpayne/chezmoi/releases/download/v2.70.1/chezmoi_2.70.1_darwin_arm64.tar.gz"

[tools.chezmoi."platforms.macos-x64"]
checksum = "sha256:36b9b41dd88485afd30c7940398edef3b4757c19e36689f9324012391ea7dbff"
url = "https://github.com/twpayne/chezmoi/releases/download/v2.70.1/chezmoi_2.70.1_darwin_amd64.tar.gz"

[tools.chezmoi."platforms.windows-x64"]
checksum = "sha256:dfd54ea02f4290dd7d072c2c932efcbdbe3af01035f22315986654711c6d97bd"
url = "https://github.com/twpayne/chezmoi/releases/download/v2.70.1/chezmoi_2.70.1_windows_amd64.zip"

[[tools.colima]]
version = "0.10.1"
backend = "aqua:abiosoft/colima"

[tools.colima."platforms.linux-arm64"]
checksum = "sha256:9d89f1fc10d15eb214e9ab7b30b70bc1524df33bcd7d6828082132e09e33e8ef"
url = "https://github.com/abiosoft/colima/releases/download/v0.10.1/colima-Linux-aarch64"

[tools.colima."platforms.linux-arm64-musl"]
checksum = "sha256:9d89f1fc10d15eb214e9ab7b30b70bc1524df33bcd7d6828082132e09e33e8ef"
url = "https://github.com/abiosoft/colima/releases/download/v0.10.1/colima-Linux-aarch64"

[tools.colima."platforms.linux-x64"]
checksum = "sha256:71293b94c725e26b35dcd00dfbc4713436237e76d99e768f5b14cebc4e7bfe8e"
url = "https://github.com/abiosoft/colima/releases/download/v0.10.1/colima-Linux-x86_64"

[tools.colima."platforms.linux-x64-musl"]
checksum = "sha256:71293b94c725e26b35dcd00dfbc4713436237e76d99e768f5b14cebc4e7bfe8e"
url = "https://github.com/abiosoft/colima/releases/download/v0.10.1/colima-Linux-x86_64"

[tools.colima."platforms.macos-arm64"]
checksum = "sha256:cff716570125444d9560e735d8a23ea50e9f70ca722bb9f44ab456c548425ea3"
url = "https://github.com/abiosoft/colima/releases/download/v0.10.1/colima-Darwin-arm64"

[tools.colima."platforms.macos-x64"]
checksum = "sha256:c927d411f70b7b40aced1caeef36cf3b19e0318cfad3606a0292cd488e9c4a0f"
url = "https://github.com/abiosoft/colima/releases/download/v0.10.1/colima-Darwin-x86_64"

[[tools.docker-cli]]
version = "29.4.0"
backend = "aqua:docker/cli"

[tools.docker-cli."platforms.linux-arm64"]
url = "https://download.docker.com/linux/static/stable/aarch64/docker-29.4.0.tgz"

[tools.docker-cli."platforms.linux-arm64-musl"]
url = "https://download.docker.com/linux/static/stable/aarch64/docker-29.4.0.tgz"

[tools.docker-cli."platforms.linux-x64"]
url = "https://download.docker.com/linux/static/stable/x86_64/docker-29.4.0.tgz"

[tools.docker-cli."platforms.linux-x64-musl"]
url = "https://download.docker.com/linux/static/stable/x86_64/docker-29.4.0.tgz"

[tools.docker-cli."platforms.macos-arm64"]
url = "https://download.docker.com/mac/static/stable/aarch64/docker-29.4.0.tgz"

[tools.docker-cli."platforms.macos-x64"]
url = "https://download.docker.com/mac/static/stable/x86_64/docker-29.4.0.tgz"

[tools.docker-cli."platforms.windows-x64"]
url = "https://download.docker.com/win/static/stable/x86_64/docker-29.4.0.zip"

[[tools.ghalint]]
version = "1.5.5"
backend = "aqua:suzuki-shunsuke/ghalint"

[tools.ghalint."platforms.linux-arm64"]
checksum = "sha256:c3ab464130015d733bfc75a2851f4fc5b3cb966aca2ed8bc0fa2a029bc0ee6af"
url = "https://github.com/suzuki-shunsuke/ghalint/releases/download/v1.5.5/ghalint_1.5.5_linux_arm64.tar.gz"
provenance = "slsa"

[tools.ghalint."platforms.linux-arm64-musl"]
checksum = "sha256:c3ab464130015d733bfc75a2851f4fc5b3cb966aca2ed8bc0fa2a029bc0ee6af"
url = "https://github.com/suzuki-shunsuke/ghalint/releases/download/v1.5.5/ghalint_1.5.5_linux_arm64.tar.gz"
provenance = "slsa"

[tools.ghalint."platforms.linux-x64"]
checksum = "sha256:579cbf9024f86a8255ce8acdd56c7792f0f9a7e76063d64cfb7b66ff65c396e4"
url = "https://github.com/suzuki-shunsuke/ghalint/releases/download/v1.5.5/ghalint_1.5.5_linux_amd64.tar.gz"
provenance = "slsa"

[tools.ghalint."platforms.linux-x64-musl"]
checksum = "sha256:579cbf9024f86a8255ce8acdd56c7792f0f9a7e76063d64cfb7b66ff65c396e4"
url = "https://github.com/suzuki-shunsuke/ghalint/releases/download/v1.5.5/ghalint_1.5.5_linux_amd64.tar.gz"
provenance = "slsa"

[tools.ghalint."platforms.macos-arm64"]
checksum = "sha256:db969e288fc788348aa7c1323096d69df28b457c70b4194fb76f14ad058c0be7"
url = "https://github.com/suzuki-shunsuke/ghalint/releases/download/v1.5.5/ghalint_1.5.5_darwin_arm64.tar.gz"

[tools.ghalint."platforms.macos-arm64".provenance.slsa]
url = "https://github.com/suzuki-shunsuke/ghalint/releases/download/v1.5.5/multiple.intoto.jsonl"

[tools.ghalint."platforms.macos-x64"]
checksum = "sha256:ce76aeb46f051d19a618c4e89ae5ca1d37c5a06f1bac3afb261ff619fd33045f"
url = "https://github.com/suzuki-shunsuke/ghalint/releases/download/v1.5.5/ghalint_1.5.5_darwin_amd64.tar.gz"
provenance = "slsa"

[tools.ghalint."platforms.windows-x64"]
checksum = "sha256:58c2589e7455fc05d83a28051f9098984db3fe6294f0f88aedc9691ae25eaff9"
url = "https://github.com/suzuki-shunsuke/ghalint/releases/download/v1.5.5/ghalint_1.5.5_windows_amd64.zip"
provenance = "slsa"

[[tools."github:ast-grep/ast-grep"]]
version = "0.42.1"
backend = "github:ast-grep/ast-grep"

[tools."github:ast-grep/ast-grep"."platforms.linux-arm64"]
checksum = "sha256:3ba383839044cf9817929435f5ce0027f91d06931e8efb32d942e58d73d92be5"
url = "https://github.com/ast-grep/ast-grep/releases/download/0.42.1/app-aarch64-unknown-linux-gnu.zip"
url_api = "https://api.github.com/repos/ast-grep/ast-grep/releases/assets/388772218"

[tools."github:ast-grep/ast-grep"."platforms.linux-arm64-musl"]
checksum = "sha256:3ba383839044cf9817929435f5ce0027f91d06931e8efb32d942e58d73d92be5"
url = "https://github.com/ast-grep/ast-grep/releases/download/0.42.1/app-aarch64-unknown-linux-gnu.zip"
url_api = "https://api.github.com/repos/ast-grep/ast-grep/releases/assets/388772218"

[tools."github:ast-grep/ast-grep"."platforms.linux-x64"]
checksum = "sha256:5de8b87cba67fc8dc3e239d54b6484802ad745a7ae3de76be4fe89661dc52657"
url = "https://github.com/ast-grep/ast-grep/releases/download/0.42.1/app-x86_64-unknown-linux-gnu.zip"
url_api = "https://api.github.com/repos/ast-grep/ast-grep/releases/assets/388771275"

[tools."github:ast-grep/ast-grep"."platforms.linux-x64-musl"]
checksum = "sha256:5de8b87cba67fc8dc3e239d54b6484802ad745a7ae3de76be4fe89661dc52657"
url = "https://github.com/ast-grep/ast-grep/releases/download/0.42.1/app-x86_64-unknown-linux-gnu.zip"
url_api = "https://api.github.com/repos/ast-grep/ast-grep/releases/assets/388771275"

[tools."github:ast-grep/ast-grep"."platforms.macos-arm64"]
checksum = "sha256:c3961d8e8a4ee0ce2d0d98c7beeb168bb331cdc766b53630118a7b6c4fd39015"
url = "https://github.com/ast-grep/ast-grep/releases/download/0.42.1/app-aarch64-apple-darwin.zip"
url_api = "https://api.github.com/repos/ast-grep/ast-grep/releases/assets/388770234"

[tools."github:ast-grep/ast-grep"."platforms.macos-x64"]
checksum = "sha256:a038965bfd7fe44257c771cdf8918dc3467dd8ec0eef673b8b14f639b144cdbd"
url = "https://github.com/ast-grep/ast-grep/releases/download/0.42.1/app-x86_64-apple-darwin.zip"
url_api = "https://api.github.com/repos/ast-grep/ast-grep/releases/assets/388770498"

[tools."github:ast-grep/ast-grep"."platforms.windows-x64"]
checksum = "sha256:fe34f631bb24c08ad146f92ca2a92971a53d179461b509fd8d32dc863bff9f83"
url = "https://github.com/ast-grep/ast-grep/releases/download/0.42.1/app-x86_64-pc-windows-msvc.zip"
url_api = "https://api.github.com/repos/ast-grep/ast-grep/releases/assets/388771363"

[[tools.hadolint]]
version = "2.14.0"
backend = "aqua:hadolint/hadolint"

[tools.hadolint."platforms.linux-arm64"]
checksum = "sha256:331f1d3511b84a4f1e3d18d52fec284723e4019552f4f47b19322a53ce9a40ed"
url = "https://github.com/hadolint/hadolint/releases/download/v2.14.0/hadolint-linux-arm64"

[tools.hadolint."platforms.linux-arm64-musl"]
checksum = "sha256:331f1d3511b84a4f1e3d18d52fec284723e4019552f4f47b19322a53ce9a40ed"
url = "https://github.com/hadolint/hadolint/releases/download/v2.14.0/hadolint-linux-arm64"

[tools.hadolint."platforms.linux-x64"]
checksum = "sha256:6bf226944684f56c84dd014e8b979d27425c0148f61b3bd99bcc6f39e9dc5a47"
url = "https://github.com/hadolint/hadolint/releases/download/v2.14.0/hadolint-linux-x86_64"

[tools.hadolint."platforms.linux-x64-musl"]
checksum = "sha256:6bf226944684f56c84dd014e8b979d27425c0148f61b3bd99bcc6f39e9dc5a47"
url = "https://github.com/hadolint/hadolint/releases/download/v2.14.0/hadolint-linux-x86_64"

[tools.hadolint."platforms.macos-arm64"]
checksum = "sha256:3625e2e9f43dcfe7bd38738a5f5520ed50ce39ed28485266e6803dd7bc197b10"
url = "https://github.com/hadolint/hadolint/releases/download/v2.14.0/hadolint-macos-arm64"

[tools.hadolint."platforms.macos-x64"]
checksum = "sha256:2b69a853433f1eca522ffb921cd490bd1321424d03331fd8390f93b7fb4a02e9"
url = "https://github.com/hadolint/hadolint/releases/download/v2.14.0/hadolint-macos-x86_64"

[tools.hadolint."platforms.windows-x64"]
checksum = "sha256:8e0ee174f88edb14f207a68430c7a53c2883ed509cdbde9a3a26fffa140fa5e4"
url = "https://github.com/hadolint/hadolint/releases/download/v2.14.0/hadolint-windows-x86_64.exe"

[[tools.hk]]
version = "1.41.0"
backend = "aqua:jdx/hk"

[tools.hk."platforms.linux-arm64"]
checksum = "sha256:d67d3f870d37355fbb66011780113c70e9a70c505a4f0fe7d9b44639442b4fc7"
url = "https://github.com/jdx/hk/releases/download/v1.41.0/hk-aarch64-unknown-linux-gnu.tar.gz"

[tools.hk."platforms.linux-arm64-musl"]
checksum = "sha256:d67d3f870d37355fbb66011780113c70e9a70c505a4f0fe7d9b44639442b4fc7"
url = "https://github.com/jdx/hk/releases/download/v1.41.0/hk-aarch64-unknown-linux-gnu.tar.gz"

[tools.hk."platforms.linux-x64"]
checksum = "sha256:b49eebf571c3aa68bc02940114082b0bdf9e9828c8f224d478001fb7b865898b"
url = "https://github.com/jdx/hk/releases/download/v1.41.0/hk-x86_64-unknown-linux-gnu.tar.gz"

[tools.hk."platforms.linux-x64-musl"]
checksum = "sha256:b49eebf571c3aa68bc02940114082b0bdf9e9828c8f224d478001fb7b865898b"
url = "https://github.com/jdx/hk/releases/download/v1.41.0/hk-x86_64-unknown-linux-gnu.tar.gz"

[tools.hk."platforms.macos-arm64"]
checksum = "sha256:25c9e973993c1607247e97ec558d747483ab4c48380485d69ea617161939544c"
url = "https://github.com/jdx/hk/releases/download/v1.41.0/hk-aarch64-apple-darwin.tar.gz"

[tools.hk."platforms.windows-x64"]
checksum = "sha256:b3851965af1c570ca670710a82e1cce85213dc0b182336c90d031cff8f2e0dd5"
url = "https://github.com/jdx/hk/releases/download/v1.41.0/hk-x86_64-pc-windows-msvc.zip"

[[tools.jq]]
version = "1.8.1"
backend = "aqua:jqlang/jq"

[tools.jq."platforms.linux-arm64"]
checksum = "sha256:6bc62f25981328edd3cfcfe6fe51b073f2d7e7710d7ef7fcdac28d4e384fc3d4"
url = "https://github.com/jqlang/jq/releases/download/jq-1.8.1/jq-linux-arm64"
provenance = "github-attestations"

[tools.jq."platforms.linux-arm64-musl"]
checksum = "sha256:6bc62f25981328edd3cfcfe6fe51b073f2d7e7710d7ef7fcdac28d4e384fc3d4"
url = "https://github.com/jqlang/jq/releases/download/jq-1.8.1/jq-linux-arm64"
provenance = "github-attestations"

[tools.jq."platforms.linux-x64"]
checksum = "sha256:020468de7539ce70ef1bceaf7cde2e8c4f2ca6c3afb84642aabc5c97d9fc2a0d"
url = "https://github.com/jqlang/jq/releases/download/jq-1.8.1/jq-linux-amd64"
provenance = "github-attestations"

[tools.jq."platforms.linux-x64-musl"]
checksum = "sha256:020468de7539ce70ef1bceaf7cde2e8c4f2ca6c3afb84642aabc5c97d9fc2a0d"
url = "https://github.com/jqlang/jq/releases/download/jq-1.8.1/jq-linux-amd64"
provenance = "github-attestations"

[tools.jq."platforms.macos-arm64"]
checksum = "sha256:a9fe3ea2f86dfc72f6728417521ec9067b343277152b114f4e98d8cb0e263603"
url = "https://github.com/jqlang/jq/releases/download/jq-1.8.1/jq-macos-arm64"
provenance = "github-attestations"

[tools.jq."platforms.macos-x64"]
checksum = "sha256:e80dbe0d2a2597e3c11c404f03337b981d74b4a8504b70586c354b7697a7c27f"
url = "https://github.com/jqlang/jq/releases/download/jq-1.8.1/jq-macos-amd64"
provenance = "github-attestations"

[tools.jq."platforms.windows-x64"]
checksum = "sha256:23cb60a1354eed6bcc8d9b9735e8c7b388cd1fdcb75726b93bc299ef22dd9334"
url = "https://github.com/jqlang/jq/releases/download/jq-1.8.1/jq-windows-amd64.exe"
provenance = "github-attestations"

[[tools.lefthook]]
version = "2.1.5"
backend = "aqua:evilmartians/lefthook"

[tools.lefthook."platforms.linux-arm64"]
checksum = "sha256:0823d67541e34d4530d678a9492dba8e1edcfc19cbdbc6d28014cb97a8522c36"
url = "https://github.com/evilmartians/lefthook/releases/download/v2.1.5/lefthook_2.1.5_Linux_aarch64.gz"
provenance = "github-attestations"

[tools.lefthook."platforms.linux-arm64-musl"]
checksum = "sha256:0823d67541e34d4530d678a9492dba8e1edcfc19cbdbc6d28014cb97a8522c36"
url = "https://github.com/evilmartians/lefthook/releases/download/v2.1.5/lefthook_2.1.5_Linux_aarch64.gz"
provenance = "github-attestations"

[tools.lefthook."platforms.linux-x64"]
checksum = "sha256:0faf5a547afbcedc3f2e9bef46053a73bcbfc2478e47d39bde30784e08f97190"
url = "https://github.com/evilmartians/lefthook/releases/download/v2.1.5/lefthook_2.1.5_Linux_x86_64.gz"
provenance = "github-attestations"

[tools.lefthook."platforms.linux-x64-musl"]
checksum = "sha256:0faf5a547afbcedc3f2e9bef46053a73bcbfc2478e47d39bde30784e08f97190"
url = "https://github.com/evilmartians/lefthook/releases/download/v2.1.5/lefthook_2.1.5_Linux_x86_64.gz"
provenance = "github-attestations"

[tools.lefthook."platforms.macos-arm64"]
checksum = "sha256:f3aeef5fc287c6619a2f043ce3199e514bfc0639739be393a3759dd4470ee292"
url = "https://github.com/evilmartians/lefthook/releases/download/v2.1.5/lefthook_2.1.5_MacOS_arm64.gz"
provenance = "github-attestations"

[tools.lefthook."platforms.macos-x64"]
checksum = "sha256:27e48734de8f632e64fff07e8ae9f82514713b9f77e7bf91d8925ef1ea59a901"
url = "https://github.com/evilmartians/lefthook/releases/download/v2.1.5/lefthook_2.1.5_MacOS_x86_64.gz"
provenance = "github-attestations"

[tools.lefthook."platforms.windows-x64"]
checksum = "sha256:bf14d028984d24a72887f4f73d8899f5879c11786f4ba79a81c676fb3cefce1e"
url = "https://github.com/evilmartians/lefthook/releases/download/v2.1.5/lefthook_2.1.5_Windows_x86_64.gz"
provenance = "github-attestations"

[[tools.lima]]
version = "2.1.1"
backend = "aqua:lima-vm/lima"

[tools.lima."platforms.linux-arm64"]
checksum = "sha256:1011d18701697e2a559c044932309728fd6488a5380673c489556784924bf3ca"
url = "https://github.com/lima-vm/lima/releases/download/v2.1.1/lima-2.1.1-Linux-aarch64.tar.gz"
provenance = "github-attestations"

[tools.lima."platforms.linux-arm64-musl"]
checksum = "sha256:1011d18701697e2a559c044932309728fd6488a5380673c489556784924bf3ca"
url = "https://github.com/lima-vm/lima/releases/download/v2.1.1/lima-2.1.1-Linux-aarch64.tar.gz"
provenance = "github-attestations"

[tools.lima."platforms.linux-x64"]
checksum = "sha256:0f89235de8c3676d988d863cfef37ac7cf4b8a14ba05d5d678a99dfea1db2d3c"
url = "https://github.com/lima-vm/lima/releases/download/v2.1.1/lima-2.1.1-Linux-x86_64.tar.gz"
provenance = "github-attestations"

[tools.lima."platforms.linux-x64-musl"]
checksum = "sha256:0f89235de8c3676d988d863cfef37ac7cf4b8a14ba05d5d678a99dfea1db2d3c"
url = "https://github.com/lima-vm/lima/releases/download/v2.1.1/lima-2.1.1-Linux-x86_64.tar.gz"
provenance = "github-attestations"

[tools.lima."platforms.macos-arm64"]
checksum = "sha256:b6b0e6701189cd8c4e549cc39e6d054dc681487798b9b774ad2cbd30c08b2bd8"
url = "https://github.com/lima-vm/lima/releases/download/v2.1.1/lima-2.1.1-Darwin-arm64.tar.gz"
provenance = "github-attestations"

[tools.lima."platforms.macos-x64"]
checksum = "sha256:2dc5b10aa3a4f26d08c1f3fe83e37e01f85a7d9db0d1d5cb6985b18af96ab07d"
url = "https://github.com/lima-vm/lima/releases/download/v2.1.1/lima-2.1.1-Darwin-x86_64.tar.gz"
provenance = "github-attestations"

[[tools."npm:@claude-flow/cli"]]
version = "3.5.78"
backend = "npm:@claude-flow/cli"

[[tools."npm:@contextlint/cli"]]
version = "0.8.1"
backend = "npm:@contextlint/cli"

[[tools."npm:@devcontainers/cli"]]
version = "0.85.0"
backend = "npm:@devcontainers/cli"

[[tools."npm:@ralph-orchestrator/ralph-cli"]]
version = "2.9.1"
backend = "npm:@ralph-orchestrator/ralph-cli"

[[tools."npm:agent-browser"]]
version = "0.25.3"
backend = "npm:agent-browser"

[[tools."npm:agents-lint"]]
version = "0.5.0"
backend = "npm:agents-lint"

[[tools."npm:agnix"]]
version = "0.17.0"
backend = "npm:agnix"

[[tools."npm:claude-code-lint"]]
version = "0.3.0"
backend = "npm:claude-code-lint"

[[tools."npm:ctx7"]]
version = "0.3.10"
backend = "npm:ctx7"

[[tools."npm:markdownlint-cli2"]]
version = "0.22.0"
backend = "npm:markdownlint-cli2"

[[tools."npm:oh-my-claude-sisyphus"]]
version = "4.11.3"
backend = "npm:oh-my-claude-sisyphus"

[[tools."npm:portless"]]
version = "0.10.1"
backend = "npm:portless"

[[tools."npm:skills"]]
version = "1.4.9"
backend = "npm:skills"

[[tools.opencode]]
version = "1.4.0"
backend = "aqua:anomalyco/opencode"

[tools.opencode."platforms.linux-arm64"]
checksum = "sha256:2f5728ed47d8147da9163e4c10a83914131bf849bfc0f17590ab6d58b7d03ba3"
url = "https://github.com/anomalyco/opencode/releases/download/v1.4.0/opencode-linux-arm64.tar.gz"

[tools.opencode."platforms.linux-arm64-musl"]
checksum = "sha256:2f5728ed47d8147da9163e4c10a83914131bf849bfc0f17590ab6d58b7d03ba3"
url = "https://github.com/anomalyco/opencode/releases/download/v1.4.0/opencode-linux-arm64.tar.gz"

[tools.opencode."platforms.linux-x64"]
checksum = "sha256:5117eb08aa542d49b0149ba837d01c7ebc1d79ba332e8518859edc33c4eff2cf"
url = "https://github.com/anomalyco/opencode/releases/download/v1.4.0/opencode-linux-x64.tar.gz"

[tools.opencode."platforms.linux-x64-musl"]
checksum = "sha256:5117eb08aa542d49b0149ba837d01c7ebc1d79ba332e8518859edc33c4eff2cf"
url = "https://github.com/anomalyco/opencode/releases/download/v1.4.0/opencode-linux-x64.tar.gz"

[tools.opencode."platforms.macos-arm64"]
checksum = "sha256:be968e559051bb622f0b9fc628216670240b7e7441a11b0eb11f79a6f03239a5"
url = "https://github.com/anomalyco/opencode/releases/download/v1.4.0/opencode-darwin-arm64.zip"

[tools.opencode."platforms.macos-x64"]
checksum = "sha256:fb2ab4b4995bcced575f19f90bb08cb657accdb90ebeec9f0cd182f02e1e9e0c"
url = "https://github.com/anomalyco/opencode/releases/download/v1.4.0/opencode-darwin-x64.zip"

[tools.opencode."platforms.windows-x64"]
checksum = "sha256:378cb5fd511c90f4bdbb5a69c79d65c241e17d0f825d49b78a2cf6457d3a8e90"
url = "https://github.com/anomalyco/opencode/releases/download/v1.4.0/opencode-windows-x64.zip"

[[tools.pinact]]
version = "3.9.0"
backend = "aqua:suzuki-shunsuke/pinact"

[tools.pinact."platforms.linux-arm64"]
checksum = "sha256:34a957423002662c6289782b571660beda6a37449a76d763c8ad8b1b9a500a54"
url = "https://github.com/suzuki-shunsuke/pinact/releases/download/v3.9.0/pinact_linux_arm64.tar.gz"
provenance = "github-attestations"

[tools.pinact."platforms.linux-arm64-musl"]
checksum = "sha256:34a957423002662c6289782b571660beda6a37449a76d763c8ad8b1b9a500a54"
url = "https://github.com/suzuki-shunsuke/pinact/releases/download/v3.9.0/pinact_linux_arm64.tar.gz"
provenance = "github-attestations"

[tools.pinact."platforms.linux-x64"]
checksum = "sha256:3829da718de38b1e914b974c3e77045a256999af84789437a7305b09130d8a6a"
url = "https://github.com/suzuki-shunsuke/pinact/releases/download/v3.9.0/pinact_linux_amd64.tar.gz"
provenance = "github-attestations"

[tools.pinact."platforms.linux-x64-musl"]
checksum = "sha256:3829da718de38b1e914b974c3e77045a256999af84789437a7305b09130d8a6a"
url = "https://github.com/suzuki-shunsuke/pinact/releases/download/v3.9.0/pinact_linux_amd64.tar.gz"
provenance = "github-attestations"

[tools.pinact."platforms.macos-arm64"]
checksum = "sha256:23c8a4eda8fd7949c8cbb1cfe6f3d01279402fe6201e9cb0a90447a5ecfdef89"
url = "https://github.com/suzuki-shunsuke/pinact/releases/download/v3.9.0/pinact_darwin_arm64.tar.gz"
provenance = "github-attestations"

[tools.pinact."platforms.macos-x64"]
checksum = "sha256:70f68407a05fa88843fbf9b400d979e6205489ef8af251dacc21841a07989df4"
url = "https://github.com/suzuki-shunsuke/pinact/releases/download/v3.9.0/pinact_darwin_amd64.tar.gz"
provenance = "github-attestations"

[tools.pinact."platforms.windows-x64"]
checksum = "sha256:b923a567f88417d79ce183e59c2a2372d9cae9b697a472ce1f95d745932746b1"
url = "https://github.com/suzuki-shunsuke/pinact/releases/download/v3.9.0/pinact_windows_amd64.zip"
provenance = "github-attestations"

[[tools."pipx:deepagents-cli"]]
version = "0.0.35"
backend = "pipx:deepagents-cli"

[[tools."pipx:mcp2cli"]]
version = "3.0.1"
backend = "pipx:mcp2cli"

[[tools.pkl]]
version = "0.31.1"
backend = "aqua:apple/pkl"

[tools.pkl."platforms.linux-arm64"]
checksum = "sha256:7ef10e743daa921fb94ae7bdb9ec6986f362bf250c55814b9ea2aeb13f2d083e"
url = "https://github.com/apple/pkl/releases/download/0.31.1/pkl-linux-aarch64"

[tools.pkl."platforms.linux-arm64-musl"]
checksum = "sha256:7ef10e743daa921fb94ae7bdb9ec6986f362bf250c55814b9ea2aeb13f2d083e"
url = "https://github.com/apple/pkl/releases/download/0.31.1/pkl-linux-aarch64"

[tools.pkl."platforms.linux-x64"]
checksum = "sha256:618f13955d755cafbfe8c9cba1d27635848cd49dbc6abffd398d2751db1231bf"
url = "https://github.com/apple/pkl/releases/download/0.31.1/pkl-linux-amd64"

[tools.pkl."platforms.linux-x64-musl"]
checksum = "sha256:618f13955d755cafbfe8c9cba1d27635848cd49dbc6abffd398d2751db1231bf"
url = "https://github.com/apple/pkl/releases/download/0.31.1/pkl-linux-amd64"

[tools.pkl."platforms.macos-arm64"]
checksum = "sha256:1b6a5438d9624cd2798a7530721bbbfa27ef72efe5c878a1b6c546c6e7ca0e8f"
url = "https://github.com/apple/pkl/releases/download/0.31.1/pkl-macos-aarch64"

[tools.pkl."platforms.macos-x64"]
checksum = "sha256:22123ed4ae4c03afa8c54c69f77f0bec39b0fa0f67b09d6d148e0a376a2a471d"
url = "https://github.com/apple/pkl/releases/download/0.31.1/pkl-macos-amd64"

[tools.pkl."platforms.windows-x64"]
checksum = "sha256:a8834481667325b44c539dbb758d7365a16389070f343c04b639bbe525ede013"
url = "https://github.com/apple/pkl/releases/download/0.31.1/pkl-windows-amd64.exe"

[[tools.python]]
version = "3.14.4"
backend = "core:python"

[tools.python."platforms.linux-arm64"]
checksum = "sha256:c84d61ae07e3b255f8bac6a28147bd373c3c1862d1d5598a9543a5b103fcb595"
url = "https://github.com/astral-sh/python-build-standalone/releases/download/20260408/cpython-3.14.4+20260408-aarch64-unknown-linux-gnu-install_only_stripped.tar.gz"
provenance = "github-attestations"

[tools.python."platforms.linux-arm64-musl"]
checksum = "sha256:c84d61ae07e3b255f8bac6a28147bd373c3c1862d1d5598a9543a5b103fcb595"
url = "https://github.com/astral-sh/python-build-standalone/releases/download/20260408/cpython-3.14.4+20260408-aarch64-unknown-linux-gnu-install_only_stripped.tar.gz"
provenance = "github-attestations"

[tools.python."platforms.linux-x64"]
checksum = "sha256:c838ac128a6e9c944b30301880472349eca8cd1abc79fb0d359ac2a358569389"
url = "https://github.com/astral-sh/python-build-standalone/releases/download/20260408/cpython-3.14.4+20260408-x86_64-unknown-linux-gnu-install_only_stripped.tar.gz"
provenance = "github-attestations"

[tools.python."platforms.linux-x64-musl"]
checksum = "sha256:c838ac128a6e9c944b30301880472349eca8cd1abc79fb0d359ac2a358569389"
url = "https://github.com/astral-sh/python-build-standalone/releases/download/20260408/cpython-3.14.4+20260408-x86_64-unknown-linux-gnu-install_only_stripped.tar.gz"
provenance = "github-attestations"

[tools.python."platforms.macos-arm64"]
checksum = "sha256:f1ce5d79bceecbed25a37b611d6dae147b27857dda8181e3a5e29e73dd1c57c3"
url = "https://github.com/astral-sh/python-build-standalone/releases/download/20260408/cpython-3.14.4+20260408-aarch64-apple-darwin-install_only_stripped.tar.gz"
provenance = "github-attestations"

[tools.python."platforms.macos-x64"]
checksum = "sha256:1c9615f872058332b74b2be1b248078c636b6f4b116eed3e17f50eb7efe1a989"
url = "https://github.com/astral-sh/python-build-standalone/releases/download/20260408/cpython-3.14.4+20260408-x86_64-apple-darwin-install_only_stripped.tar.gz"
provenance = "github-attestations"

[tools.python."platforms.windows-x64"]
checksum = "sha256:472f4f0d91429661db1b28a72e36adc593b6bd5d19db222d7faca635b3005313"
url = "https://github.com/astral-sh/python-build-standalone/releases/download/20260408/cpython-3.14.4+20260408-x86_64-pc-windows-msvc-install_only_stripped.tar.gz"
provenance = "github-attestations"

[[tools.rtk]]
version = "0.35.0"
backend = "github:rtk-ai/rtk"

[tools.rtk."platforms.linux-arm64"]
checksum = "sha256:5c56da491a9a1f9f395ca4beacec084d113785a5b194f0e8f2aa53b4fd1332c3"
url = "https://github.com/rtk-ai/rtk/releases/download/v0.35.0/rtk-aarch64-unknown-linux-gnu.tar.gz"
url_api = "https://api.github.com/repos/rtk-ai/rtk/releases/assets/389973370"

[tools.rtk."platforms.linux-arm64-musl"]
checksum = "sha256:5c56da491a9a1f9f395ca4beacec084d113785a5b194f0e8f2aa53b4fd1332c3"
url = "https://github.com/rtk-ai/rtk/releases/download/v0.35.0/rtk-aarch64-unknown-linux-gnu.tar.gz"
url_api = "https://api.github.com/repos/rtk-ai/rtk/releases/assets/389973370"

[tools.rtk."platforms.linux-x64"]
checksum = "sha256:30c852a6f415a8a270aaa333c614bb02dfd0d60bc57af382f5bb44c3b61a6ff9"
url = "https://github.com/rtk-ai/rtk/releases/download/v0.35.0/rtk-x86_64-unknown-linux-musl.tar.gz"
url_api = "https://api.github.com/repos/rtk-ai/rtk/releases/assets/389973377"

[tools.rtk."platforms.linux-x64-musl"]
checksum = "sha256:30c852a6f415a8a270aaa333c614bb02dfd0d60bc57af382f5bb44c3b61a6ff9"
url = "https://github.com/rtk-ai/rtk/releases/download/v0.35.0/rtk-x86_64-unknown-linux-musl.tar.gz"
url_api = "https://api.github.com/repos/rtk-ai/rtk/releases/assets/389973377"

[tools.rtk."platforms.macos-arm64"]
checksum = "sha256:ef5b44b9da3d62f4ee7a7bd8225d331e6621e42923af2b358b365164b08450c3"
url = "https://github.com/rtk-ai/rtk/releases/download/v0.35.0/rtk-aarch64-apple-darwin.tar.gz"
url_api = "https://api.github.com/repos/rtk-ai/rtk/releases/assets/389973375"

[tools.rtk."platforms.macos-x64"]
checksum = "sha256:bfe6d4da6bdd52a220d34569e9047e41e1bdc7be8cb411c2b6232225db301351"
url = "https://github.com/rtk-ai/rtk/releases/download/v0.35.0/rtk-x86_64-apple-darwin.tar.gz"
url_api = "https://api.github.com/repos/rtk-ai/rtk/releases/assets/389973368"

[tools.rtk."platforms.windows-x64"]
checksum = "sha256:764380a675ece1c3fad86c5e6ed635a65ec340768b605f0a4c14c02d83ad4693"
url = "https://github.com/rtk-ai/rtk/releases/download/v0.35.0/rtk-x86_64-pc-windows-msvc.zip"
url_api = "https://api.github.com/repos/rtk-ai/rtk/releases/assets/389973372"

[[tools.shellcheck]]
version = "0.11.0"
backend = "aqua:koalaman/shellcheck"

[tools.shellcheck."platforms.linux-arm64"]
checksum = "sha256:12b331c1d2db6b9eb13cfca64306b1b157a86eb69db83023e261eaa7e7c14588"
url = "https://github.com/koalaman/shellcheck/releases/download/v0.11.0/shellcheck-v0.11.0.linux.aarch64.tar.xz"

[tools.shellcheck."platforms.linux-arm64-musl"]
checksum = "sha256:12b331c1d2db6b9eb13cfca64306b1b157a86eb69db83023e261eaa7e7c14588"
url = "https://github.com/koalaman/shellcheck/releases/download/v0.11.0/shellcheck-v0.11.0.linux.aarch64.tar.xz"

[tools.shellcheck."platforms.linux-x64"]
checksum = "sha256:8c3be12b05d5c177a04c29e3c78ce89ac86f1595681cab149b65b97c4e227198"
url = "https://github.com/koalaman/shellcheck/releases/download/v0.11.0/shellcheck-v0.11.0.linux.x86_64.tar.xz"

[tools.shellcheck."platforms.linux-x64-musl"]
checksum = "sha256:8c3be12b05d5c177a04c29e3c78ce89ac86f1595681cab149b65b97c4e227198"
url = "https://github.com/koalaman/shellcheck/releases/download/v0.11.0/shellcheck-v0.11.0.linux.x86_64.tar.xz"

[tools.shellcheck."platforms.macos-arm64"]
checksum = "sha256:56affdd8de5527894dca6dc3d7e0a99a873b0f004d7aabc30ae407d3f48b0a79"
url = "https://github.com/koalaman/shellcheck/releases/download/v0.11.0/shellcheck-v0.11.0.darwin.aarch64.tar.xz"

[tools.shellcheck."platforms.macos-x64"]
checksum = "sha256:3c89db4edcab7cf1c27bff178882e0f6f27f7afdf54e859fa041fca10febe4c6"
url = "https://github.com/koalaman/shellcheck/releases/download/v0.11.0/shellcheck-v0.11.0.darwin.x86_64.tar.xz"

[tools.shellcheck."platforms.windows-x64"]
checksum = "sha256:8a4e35ab0b331c85d73567b12f2a444df187f483e5079ceffa6bda1faa2e740e"
url = "https://github.com/koalaman/shellcheck/releases/download/v0.11.0/shellcheck-v0.11.0.zip"

[[tools.shfmt]]
version = "3.13.1"
backend = "aqua:mvdan/sh"

[tools.shfmt."platforms.linux-arm64"]
checksum = "sha256:32d92acaa5cd8abb29fc49dac123dc412442d5713967819d8af2c29f1b3857c7"
url = "https://github.com/mvdan/sh/releases/download/v3.13.1/shfmt_v3.13.1_linux_arm64"

[tools.shfmt."platforms.linux-arm64-musl"]
checksum = "sha256:32d92acaa5cd8abb29fc49dac123dc412442d5713967819d8af2c29f1b3857c7"
url = "https://github.com/mvdan/sh/releases/download/v3.13.1/shfmt_v3.13.1_linux_arm64"

[tools.shfmt."platforms.linux-x64"]
checksum = "sha256:fb096c5d1ac6beabbdbaa2874d025badb03ee07929f0c9ff67563ce8c75398b1"
url = "https://github.com/mvdan/sh/releases/download/v3.13.1/shfmt_v3.13.1_linux_amd64"

[tools.shfmt."platforms.linux-x64-musl"]
checksum = "sha256:fb096c5d1ac6beabbdbaa2874d025badb03ee07929f0c9ff67563ce8c75398b1"
url = "https://github.com/mvdan/sh/releases/download/v3.13.1/shfmt_v3.13.1_linux_amd64"

[tools.shfmt."platforms.macos-arm64"]
checksum = "sha256:9680526be4a66ea1ffe988ed08af58e1400fe1e4f4aef5bd88b20bb9b3da33f8"
url = "https://github.com/mvdan/sh/releases/download/v3.13.1/shfmt_v3.13.1_darwin_arm64"

[tools.shfmt."platforms.macos-x64"]
checksum = "sha256:6feedafc72915794163114f512348e2437d080d0047ef8b8fa2ec63b575f12af"
url = "https://github.com/mvdan/sh/releases/download/v3.13.1/shfmt_v3.13.1_darwin_amd64"

[tools.shfmt."platforms.windows-x64"]
checksum = "sha256:60cd368533d0ad73fa86d93d5bbf95ef40587245ce684ed138c1b31557b5fe97"
url = "https://github.com/mvdan/sh/releases/download/v3.13.1/shfmt_v3.13.1_windows_amd64.exe"

[[tools.taplo]]
version = "0.10.0"
backend = "aqua:tamasfe/taplo"

[tools.taplo."platforms.linux-arm64"]
url = "https://github.com/tamasfe/taplo/releases/download/0.10.0/taplo-linux-aarch64.gz"

[tools.taplo."platforms.linux-arm64-musl"]
url = "https://github.com/tamasfe/taplo/releases/download/0.10.0/taplo-linux-aarch64.gz"

[tools.taplo."platforms.linux-x64"]
url = "https://github.com/tamasfe/taplo/releases/download/0.10.0/taplo-linux-x86_64.gz"

[tools.taplo."platforms.linux-x64-musl"]
url = "https://github.com/tamasfe/taplo/releases/download/0.10.0/taplo-linux-x86_64.gz"

[tools.taplo."platforms.macos-arm64"]
url = "https://github.com/tamasfe/taplo/releases/download/0.10.0/taplo-darwin-aarch64.gz"

[tools.taplo."platforms.macos-x64"]
url = "https://github.com/tamasfe/taplo/releases/download/0.10.0/taplo-darwin-x86_64.gz"

[tools.taplo."platforms.windows-x64"]
url = "https://github.com/tamasfe/taplo/releases/download/0.10.0/taplo-windows-x86_64.zip"

[[tools.typos]]
version = "1.45.0"
backend = "aqua:crate-ci/typos"

[tools.typos."platforms.linux-arm64"]
checksum = "sha256:dde3b5c5bd5d0ab6ff76a1465658dc6485e7d420cf8eccfdfbdea37809bed793"
url = "https://github.com/crate-ci/typos/releases/download/v1.45.0/typos-v1.45.0-aarch64-unknown-linux-musl.tar.gz"

[tools.typos."platforms.linux-arm64-musl"]
checksum = "sha256:dde3b5c5bd5d0ab6ff76a1465658dc6485e7d420cf8eccfdfbdea37809bed793"
url = "https://github.com/crate-ci/typos/releases/download/v1.45.0/typos-v1.45.0-aarch64-unknown-linux-musl.tar.gz"

[tools.typos."platforms.linux-x64"]
checksum = "sha256:fa10c3c77c61bdf03f2f6f8245eb6fb89d92115450272a4eabe326b3967ac375"
url = "https://github.com/crate-ci/typos/releases/download/v1.45.0/typos-v1.45.0-x86_64-unknown-linux-musl.tar.gz"

[tools.typos."platforms.linux-x64-musl"]
checksum = "sha256:fa10c3c77c61bdf03f2f6f8245eb6fb89d92115450272a4eabe326b3967ac375"
url = "https://github.com/crate-ci/typos/releases/download/v1.45.0/typos-v1.45.0-x86_64-unknown-linux-musl.tar.gz"

[tools.typos."platforms.macos-arm64"]
checksum = "sha256:c42f8d8af49bff559f0bf0a45d1fb704f9e13446cc8faebfb30a3f669b89c802"
url = "https://github.com/crate-ci/typos/releases/download/v1.45.0/typos-v1.45.0-aarch64-apple-darwin.tar.gz"

[tools.typos."platforms.macos-x64"]
checksum = "sha256:4a4c1060b248c13ce7bc6c1ffe5cb75120885e8ecb62e7ba2b40f5567680f9ba"
url = "https://github.com/crate-ci/typos/releases/download/v1.45.0/typos-v1.45.0-x86_64-apple-darwin.tar.gz"

[tools.typos."platforms.windows-x64"]
checksum = "sha256:dc89f5f175ee1a389e1f5cc5173353d9db3751e2cddedf34339d8ec45cd38aa0"
url = "https://github.com/crate-ci/typos/releases/download/v1.45.0/typos-v1.45.0-x86_64-pc-windows-msvc.zip"

[[tools."ubi:jackchuka/mdschema"]]
version = "0.12.8"
backend = "ubi:jackchuka/mdschema"

[tools."ubi:jackchuka/mdschema"."platforms.macos-arm64-mdschema"]
checksum = "blake3:2804b84d14a4d810cb0c8567a8749abddcc3ce70c6d8fd9edf0e80567f7870c5"

[[tools."ubi:rvben/rumdl"]]
version = "0.1.68"
backend = "ubi:rvben/rumdl"

[tools."ubi:rvben/rumdl"."platforms.macos-arm64-rumdl"]
checksum = "blake3:1e713a58847cc90efd9b078751a9d4708207d73966c22abfd7651dfd7e0d7ecf"

[[tools.uv]]
version = "0.11.5"
backend = "aqua:astral-sh/uv"

[tools.uv."platforms.linux-arm64"]
checksum = "sha256:d73860013061c62d6a89f3370527d4c407214038af331147773ae2fd8f6394c1"
url = "https://github.com/astral-sh/uv/releases/download/0.11.5/uv-aarch64-unknown-linux-musl.tar.gz"
provenance = "github-attestations"

[tools.uv."platforms.linux-arm64-musl"]
checksum = "sha256:d73860013061c62d6a89f3370527d4c407214038af331147773ae2fd8f6394c1"
url = "https://github.com/astral-sh/uv/releases/download/0.11.5/uv-aarch64-unknown-linux-musl.tar.gz"
provenance = "github-attestations"

[tools.uv."platforms.linux-x64"]
checksum = "sha256:ee8a52743ce3979e52872b49c5e58ffa541048cb95132142bff23fe5608d73ea"
url = "https://github.com/astral-sh/uv/releases/download/0.11.5/uv-x86_64-unknown-linux-musl.tar.gz"
provenance = "github-attestations"

[tools.uv."platforms.linux-x64-musl"]
checksum = "sha256:ee8a52743ce3979e52872b49c5e58ffa541048cb95132142bff23fe5608d73ea"
url = "https://github.com/astral-sh/uv/releases/download/0.11.5/uv-x86_64-unknown-linux-musl.tar.gz"
provenance = "github-attestations"

[tools.uv."platforms.macos-arm64"]
checksum = "sha256:470993e87503874c7c48861daa308b48a7c367e117235bbecf19368b9fdd35b2"
url = "https://github.com/astral-sh/uv/releases/download/0.11.5/uv-aarch64-apple-darwin.tar.gz"
provenance = "github-attestations"

[tools.uv."platforms.macos-x64"]
checksum = "sha256:b8964bed538143f9016d807e421e28f0237a29589851fc79e8159751ac64779a"
url = "https://github.com/astral-sh/uv/releases/download/0.11.5/uv-x86_64-apple-darwin.tar.gz"
provenance = "github-attestations"

[tools.uv."platforms.windows-x64"]
checksum = "sha256:3fa5b6ea9de9256a035e0471f5ef0bb5d95344659723d6eb063e27c76431515d"
url = "https://github.com/astral-sh/uv/releases/download/0.11.5/uv-x86_64-pc-windows-msvc.zip"
provenance = "github-attestations"

[[tools.yamlfmt]]
version = "0.21.0"
backend = "aqua:google/yamlfmt"

[tools.yamlfmt."platforms.linux-arm64"]
checksum = "sha256:5b2689c963b177271330c5ce8ca7396751107e5a826be46f03d2cb9b6f0c7784"
url = "https://github.com/google/yamlfmt/releases/download/v0.21.0/yamlfmt_0.21.0_Linux_arm64.tar.gz"

[tools.yamlfmt."platforms.linux-arm64-musl"]
checksum = "sha256:5b2689c963b177271330c5ce8ca7396751107e5a826be46f03d2cb9b6f0c7784"
url = "https://github.com/google/yamlfmt/releases/download/v0.21.0/yamlfmt_0.21.0_Linux_arm64.tar.gz"

[tools.yamlfmt."platforms.linux-x64"]
checksum = "sha256:1f300d9257b232bb3b541d7fb1b0e6b3c121bcbab381c86cd38cb8722be8a566"
url = "https://github.com/google/yamlfmt/releases/download/v0.21.0/yamlfmt_0.21.0_Linux_x86_64.tar.gz"

[tools.yamlfmt."platforms.linux-x64-musl"]
checksum = "sha256:1f300d9257b232bb3b541d7fb1b0e6b3c121bcbab381c86cd38cb8722be8a566"
url = "https://github.com/google/yamlfmt/releases/download/v0.21.0/yamlfmt_0.21.0_Linux_x86_64.tar.gz"

[tools.yamlfmt."platforms.macos-arm64"]
checksum = "sha256:4b417ecb94339d57e4c122ecc948c1a00fe328b5853266de9806e652a92858fa"
url = "https://github.com/google/yamlfmt/releases/download/v0.21.0/yamlfmt_0.21.0_Darwin_arm64.tar.gz"

[tools.yamlfmt."platforms.macos-x64"]
checksum = "sha256:060e943bcb8583c456810eb1ff4721b4f46c4a0c1a4432449d5dc3bbfe29a22b"
url = "https://github.com/google/yamlfmt/releases/download/v0.21.0/yamlfmt_0.21.0_Darwin_x86_64.tar.gz"

[tools.yamlfmt."platforms.windows-x64"]
checksum = "sha256:07f80ce5d741eb4b0a9380ac78a19c7cb5bd44e2a9a47a5a04839e3ba54dd463"
url = "https://github.com/google/yamlfmt/releases/download/v0.21.0/yamlfmt_0.21.0_Windows_x86_64.tar.gz"

[[tools.yamllint]]
version = "1.38.0"
backend = "pipx:yamllint"

[[tools.yq]]
version = "4.52.5"
backend = "aqua:mikefarah/yq"

[tools.yq."platforms.linux-arm64"]
checksum = "sha256:90fa510c50ee8ca75544dbfffed10c88ed59b36834df35916520cddc623d9aaa"
url = "https://github.com/mikefarah/yq/releases/download/v4.52.5/yq_linux_arm64"

[tools.yq."platforms.linux-arm64-musl"]
checksum = "sha256:90fa510c50ee8ca75544dbfffed10c88ed59b36834df35916520cddc623d9aaa"
url = "https://github.com/mikefarah/yq/releases/download/v4.52.5/yq_linux_arm64"

[tools.yq."platforms.linux-x64"]
checksum = "sha256:75d893a0d5940d1019cb7cdc60001d9e876623852c31cfc6267047bc31149fa9"
url = "https://github.com/mikefarah/yq/releases/download/v4.52.5/yq_linux_amd64"

[tools.yq."platforms.linux-x64-musl"]
checksum = "sha256:75d893a0d5940d1019cb7cdc60001d9e876623852c31cfc6267047bc31149fa9"
url = "https://github.com/mikefarah/yq/releases/download/v4.52.5/yq_linux_amd64"

[tools.yq."platforms.macos-arm64"]
checksum = "sha256:45a12e64d4bd8a31c72ee1b889e81f1b1110e801baad3d6f030c111db0068de0"
url = "https://github.com/mikefarah/yq/releases/download/v4.52.5/yq_darwin_arm64"

[tools.yq."platforms.macos-x64"]
checksum = "sha256:6e399d1eb466860c3202d231727197fdce055888c5c7bec6964156983dd1559d"
url = "https://github.com/mikefarah/yq/releases/download/v4.52.5/yq_darwin_amd64"

[tools.yq."platforms.windows-x64"]
checksum = "sha256:47594981f3848a4b4447494adeca9555f908f7cf0a89c4da3fd0243a4631da1c"
url = "https://github.com/mikefarah/yq/releases/download/v4.52.5/yq_windows_amd64.exe"
